{
  "name": "session-3-aljeifoaeaf",
  "version": "1.0.0",
  "lockfileVersion": 2,
  "requires": true,
  "packages": {
    "": {
      "name": "session-3-aljeifoaeaf",
      "version": "1.0.0",
      "license": "ISC",
      "dependencies": {
        "chalk": "^5.1.2",
        "dayjs": "^1.11.6"
      }
    },
    "node_modules/chalk": {
      "version": "5.1.2",
      "resolved": "https://registry.npmjs.org/chalk/-/chalk-5.1.2.tgz",
      "integrity": "sha512-E5CkT4jWURs1Vy5qGJye+XwCkNj7Od3Af7CP6SujMetSMkLs8Do2RWJK5yx1wamHV/op8Rz+9rltjaTQWDnEFQ==",
      "engines": {
        "node": "^12.17.0 || ^14.13 || >=16.0.0"
      },
      "funding": {
        "url": "https://github.com/chalk/chalk?sponsor=1"
      }
    },
    "node_modules/dayjs": {
      "version": "1.11.6",
      "resolved": "https://registry.npmjs.org/dayjs/-/dayjs-1.11.6.tgz",
      "integrity": "sha512-zZbY5giJAinCG+7AGaw0wIhNZ6J8AhWuSXKvuc1KAyMiRsvGQWqh4L+MomvhdAYjN+lqvVCMq1I41e3YHvXkyQ=="
    }
  },
  "dependencies": {
    "chalk": {
      "version": "5.1.2",
      "resolved": "https://registry.npmjs.org/chalk/-/chalk-5.1.2.tgz",
      "integrity": "sha512-E5CkT4jWURs1Vy5qGJye+XwCkNj7Od3Af7CP6SujMetSMkLs8Do2RWJK5yx1wamHV/op8Rz+9rltjaTQWDnEFQ=="
    },
    "dayjs": {
      "version": "1.11.6",
      "resolved": "https://registry.npmjs.org/dayjs/-/dayjs-1.11.6.tgz",
      "integrity": "sha512-zZbY5giJAinCG+7AGaw0wIhNZ6J8AhWuSXKvuc1KAyMiRsvGQWqh4L+MomvhdAYjN+lqvVCMq1I41e3YHvXkyQ=="
    }
  }
}
